
Microsoft Visual Studio Solution File, Format Version 12.00
# Visual Studio Version 16
VisualStudioVersion = 16.0.29519.87
MinimumVisualStudioVersion = 10.0.40219.1
Project("{9A19103F-16F7-4668-BE54-9A1E7A4F7556}") = "OOPNedarvning", "OOPNedarvning\OOPNedarvning.csproj", "{90FA1A37-4781-4A73-90C8-19B9822BBFA9}"
EndProject
Project("{9A19103F-16F7-4668-BE54-9A1E7A4F7556}") = "Test", "Test\Test.csproj", "{7DF09CA3-43F5-44E8-A2D6-D51E3E212F18}"
EndProject
Project("{FAE04EC0-301F-11D3-BF4B-00C04F79EFBC}") = "OOPNedarvningFormer", "OOPNedarvningFormer\OOPNedarvningFormer.csproj", "{5044F76A-0FDE-4C58-B367-8FD6A099858B}"
EndProject
Global
	GlobalSection(SolutionConfigurationPlatforms) = preSolution
		Debug|Any CPU = Debug|Any CPU
		Release|Any CPU = Release|Any CPU
	EndGlobalSection
	GlobalSection(ProjectConfigurationPlatforms) = postSolution
		{90FA1A37-4781-4A73-90C8-19B9822BBFA9}.Debug|Any CPU.ActiveCfg = Debug|Any CPU
		{90FA1A37-4781-4A73-90C8-19B9822BBFA9}.Debug|Any CPU.Build.0 = Debug|Any CPU
		{90FA1A37-4781-4A73-90C8-19B9822BBFA9}.Release|Any CPU.ActiveCfg = Release|Any CPU
		{90FA1A37-4781-4A73-90C8-19B9822BBFA9}.Release|Any CPU.Build.0 = Release|Any CPU
		{7DF09CA3-43F5-44E8-A2D6-D51E3E212F18}.Debug|Any CPU.ActiveCfg = Debug|Any CPU
		{7DF09CA3-43F5-44E8-A2D6-D51E3E212F18}.Debug|Any CPU.Build.0 = Debug|Any CPU
		{7DF09CA3-43F5-44E8-A2D6-D51E3E212F18}.Release|Any CPU.ActiveCfg = Release|Any CPU
		{7DF09CA3-43F5-44E8-A2D6-D51E3E212F18}.Release|Any CPU.Build.0 = Release|Any CPU
		{5044F76A-0FDE-4C58-B367-8FD6A099858B}.Debug|Any CPU.ActiveCfg = Debug|Any CPU
		{5044F76A-0FDE-4C58-B367-8FD6A099858B}.Debug|Any CPU.Build.0 = Debug|Any CPU
		{5044F76A-0FDE-4C58-B367-8FD6A099858B}.Release|Any CPU.ActiveCfg = Release|Any CPU
		{5044F76A-0FDE-4C58-B367-8FD6A099858B}.Release|Any CPU.Build.0 = Release|Any CPU
	EndGlobalSection
	GlobalSection(SolutionProperties) = preSolution
		HideSolutionNode = FALSE
	EndGlobalSection
	GlobalSection(ExtensibilityGlobals) = postSolution
		SolutionGuid = {1DDC318F-581C-4811-8C95-067B3E63AD9E}
	EndGlobalSection
EndGlobal
